
Microsoft Visual Studio Solution File, Format Version 12.00
# Visual Studio Version 17
VisualStudioVersion = 17.1.32414.318
MinimumVisualStudioVersion = 10.0.40219.1
Project("{FAE04EC0-301F-11D3-BF4B-00C04F79EFBC}") = "diceRoller", "diceRoller.csproj", "{FF38231C-3904-4D92-AECB-1B5F9BEDDD34}"
EndProject
Global
	GlobalSection(SolutionConfigurationPlatforms) = preSolution
		Debug|Any CPU = Debug|Any CPU
		Release|Any CPU = Release|Any CPU
	EndGlobalSection
	GlobalSection(ProjectConfigurationPlatforms) = postSolution
		{FF38231C-3904-4D92-AECB-1B5F9BEDDD34}.Debug|Any CPU.ActiveCfg = Debug|Any CPU
		{FF38231C-3904-4D92-AECB-1B5F9BEDDD34}.Debug|Any CPU.Build.0 = Debug|Any CPU
		{FF38231C-3904-4D92-AECB-1B5F9BEDDD34}.Release|Any CPU.ActiveCfg = Release|Any CPU
		{FF38231C-3904-4D92-AECB-1B5F9BEDDD34}.Release|Any CPU.Build.0 = Release|Any CPU
	EndGlobalSection
	GlobalSection(SolutionProperties) = preSolution
		HideSolutionNode = FALSE
	EndGlobalSection
	GlobalSection(ExtensibilityGlobals) = postSolution
		SolutionGuid = {0213E1D9-DD99-4E97-A2C1-D8D7053F8618}
	EndGlobalSection
EndGlobal
